
Microsoft Visual Studio Solution File, Format Version 12.00
# Visual Studio 2013
VisualStudioVersion = 12.0.31101.0
MinimumVisualStudioVersion = 10.0.40219.1
Project("{FAE04EC0-301F-11D3-BF4B-00C04F79EFBC}") = "AwsContrib.EnvelopeCrypto", "AwsContrib.EnvelopeCrypto\AwsContrib.EnvelopeCrypto.csproj", "{45B9E5AB-E1FF-4DFA-9870-497793B83E69}"
EndProject
Project("{2150E333-8FDC-42A3-9474-1A3956D46DE8}") = "Packaging", "Packaging", "{65FCB93A-96C8-4CC6-A1F3-D2D704103AA6}"
	ProjectSection(SolutionItems) = preProject
		AwsContrib.EnvelopeCrypto.nuspec = AwsContrib.EnvelopeCrypto.nuspec
	EndProjectSection
EndProject
Project("{FAE04EC0-301F-11D3-BF4B-00C04F79EFBC}") = "AwsContrib.EnvelopeCrypto.UnitTests", "AwsContrib.EnvelopeCrypto.UnitTests\AwsContrib.EnvelopeCrypto.UnitTests.csproj", "{4B86831F-C2C7-4841-840C-AE2370D20FDE}"
EndProject
Project("{FAE04EC0-301F-11D3-BF4B-00C04F79EFBC}") = "AwsContrib.EnvelopeCrypto.IntegrationTests", "AwsContrib.EnvelopeCrypto.IntegrationTests\AwsContrib.EnvelopeCrypto.IntegrationTests.csproj", "{66A9DBDD-5A5C-4961-B51B-FE7162A0FAF3}"
EndProject
Global
	GlobalSection(SolutionConfigurationPlatforms) = preSolution
		Debug|Any CPU = Debug|Any CPU
		Release|Any CPU = Release|Any CPU
	EndGlobalSection
	GlobalSection(ProjectConfigurationPlatforms) = postSolution
		{45B9E5AB-E1FF-4DFA-9870-497793B83E69}.Debug|Any CPU.ActiveCfg = Debug|Any CPU
		{45B9E5AB-E1FF-4DFA-9870-497793B83E69}.Debug|Any CPU.Build.0 = Debug|Any CPU
		{45B9E5AB-E1FF-4DFA-9870-497793B83E69}.Release|Any CPU.ActiveCfg = Release|Any CPU
		{45B9E5AB-E1FF-4DFA-9870-497793B83E69}.Release|Any CPU.Build.0 = Release|Any CPU
		{4B86831F-C2C7-4841-840C-AE2370D20FDE}.Debug|Any CPU.ActiveCfg = Debug|Any CPU
		{4B86831F-C2C7-4841-840C-AE2370D20FDE}.Debug|Any CPU.Build.0 = Debug|Any CPU
		{4B86831F-C2C7-4841-840C-AE2370D20FDE}.Release|Any CPU.ActiveCfg = Release|Any CPU
		{4B86831F-C2C7-4841-840C-AE2370D20FDE}.Release|Any CPU.Build.0 = Release|Any CPU
		{66A9DBDD-5A5C-4961-B51B-FE7162A0FAF3}.Debug|Any CPU.ActiveCfg = Debug|Any CPU
		{66A9DBDD-5A5C-4961-B51B-FE7162A0FAF3}.Debug|Any CPU.Build.0 = Debug|Any CPU
		{66A9DBDD-5A5C-4961-B51B-FE7162A0FAF3}.Release|Any CPU.ActiveCfg = Release|Any CPU
		{66A9DBDD-5A5C-4961-B51B-FE7162A0FAF3}.Release|Any CPU.Build.0 = Release|Any CPU
	EndGlobalSection
	GlobalSection(SolutionProperties) = preSolution
		HideSolutionNode = FALSE
	EndGlobalSection
EndGlobal
